
Microsoft Visual Studio Solution File, Format Version 12.00
# Visual Studio Version 16
VisualStudioVersion = 16.0.29411.108
MinimumVisualStudioVersion = 10.0.40219.1
Project("{FAE04EC0-301F-11D3-BF4B-00C04F79EFBC}") = "Airport1", "Airport1\Airport1.csproj", "{B51AA6E8-A7D3-45A4-A2EE-0A11036668D6}"
EndProject
Global
	GlobalSection(SolutionConfigurationPlatforms) = preSolution
		Debug|Any CPU = Debug|Any CPU
		Release|Any CPU = Release|Any CPU
	EndGlobalSection
	GlobalSection(ProjectConfigurationPlatforms) = postSolution
		{B51AA6E8-A7D3-45A4-A2EE-0A11036668D6}.Debug|Any CPU.ActiveCfg = Debug|Any CPU
		{B51AA6E8-A7D3-45A4-A2EE-0A11036668D6}.Debug|Any CPU.Build.0 = Debug|Any CPU
		{B51AA6E8-A7D3-45A4-A2EE-0A11036668D6}.Release|Any CPU.ActiveCfg = Release|Any CPU
		{B51AA6E8-A7D3-45A4-A2EE-0A11036668D6}.Release|Any CPU.Build.0 = Release|Any CPU
	EndGlobalSection
	GlobalSection(SolutionProperties) = preSolution
		HideSolutionNode = FALSE
	EndGlobalSection
	GlobalSection(ExtensibilityGlobals) = postSolution
		SolutionGuid = {C9F8AF61-D59F-4B52-8083-229C0F4D441B}
	EndGlobalSection
EndGlobal
